
Microsoft Visual Studio Solution File, Format Version 12.00
# Visual Studio Version 17
VisualStudioVersion = 17.4.33213.308
MinimumVisualStudioVersion = 10.0.40219.1
Project("{9A19103F-16F7-4668-BE54-9A1E7A4F7556}") = "Husa.Uploader.SignalR.Client", "Husa.Uploader.SignalR.Client\Husa.Uploader.SignalR.Client.csproj", "{545FA9AE-3ACC-4158-93D5-69879BEBF76F}"
EndProject
Project("{9A19103F-16F7-4668-BE54-9A1E7A4F7556}") = "Husa.Uploader.Desktop", "Husa.Uploader.Desktop\Husa.Uploader.Desktop.csproj", "{21FD90F5-EED9-48CF-90E1-73AB16E69BE9}"
EndProject
Project("{9A19103F-16F7-4668-BE54-9A1E7A4F7556}") = "Husa.Uploader.Data", "Husa.Uploader.Data\Husa.Uploader.Data.csproj", "{FF3A8E4A-6469-41A7-8CB2-9C3FE753E2D4}"
EndProject
Project("{9A19103F-16F7-4668-BE54-9A1E7A4F7556}") = "Husa.Uploader.Crosscutting", "Husa.Uploader.Crosscutting\Husa.Uploader.Crosscutting.csproj", "{AC006C11-0934-4289-A46E-F125588B01D8}"
EndProject
Project("{9A19103F-16F7-4668-BE54-9A1E7A4F7556}") = "Husa.Uploader.Core", "Husa.Uploader.Core\Husa.Uploader.Core.csproj", "{0D612D6E-2591-4C50-8A23-2CE943F8BA72}"
EndProject
Project("{9A19103F-16F7-4668-BE54-9A1E7A4F7556}") = "Husa.Uploader.Data.Tests", "Husa.Uploader.Data.Tests\Husa.Uploader.Data.Tests.csproj", "{A325470B-9C8A-4EBC-A3B6-1447FB8ED1FF}"
EndProject
Project("{2150E333-8FDC-42A3-9474-1A3956D46DE8}") = "Solution Items", "Solution Items", "{EAD83611-BD28-49EA-AE6D-FF0BCFB71ADB}"
	ProjectSection(SolutionItems) = preProject
		.editorconfig = .editorconfig
		.gitignore = .gitignore
		Pipelines\ci-pipeline-uploader-signalr-webapp.yml = Pipelines\ci-pipeline-uploader-signalr-webapp.yml
		ci-pipeline-uploader.yml = ci-pipeline-uploader.yml
		Directory.Build.props = Directory.Build.props
		README.md = README.md
		stylecop.json = stylecop.json
	EndProjectSection
EndProject
Project("{9A19103F-16F7-4668-BE54-9A1E7A4F7556}") = "Husa.Uploader.SignalR.WebApp", "Husa.Uploader.SignalR.WebApp\Husa.Uploader.SignalR.WebApp.csproj", "{62BAB59C-E4A4-4CFB-AE77-43E5121F3802}"
EndProject
Project("{9A19103F-16F7-4668-BE54-9A1E7A4F7556}") = "Husa.Uploader.Core.Tests", "Husa.Uploader.Core.Tests\Husa.Uploader.Core.Tests.csproj", "{76915118-92E4-440D-BCD0-D4D035B58837}"
EndProject
Project("{2150E333-8FDC-42A3-9474-1A3956D46DE8}") = "Scripts", "Scripts", "{26DE8BE0-63ED-464E-B3F6-D85111B40406}"
	ProjectSection(SolutionItems) = preProject
		Scripts\DownloadChrome.ps1 = Scripts\DownloadChrome.ps1
		Scripts\DownloadChromeDriver.ps1 = Scripts\DownloadChromeDriver.ps1
		Scripts\UpdatePublishAppVersion.ps1 = Scripts\UpdatePublishAppVersion.ps1
		Scripts\UpdatePublishProfile.ps1 = Scripts\UpdatePublishProfile.ps1
	EndProjectSection
EndProject
Project("{FAE04EC0-301F-11D3-BF4B-00C04F79EFBC}") = "Husa.Uploader.Crosscutting.Tests", "Husa.Uploader.Crosscutting.Tests\Husa.Uploader.Crosscutting.Tests.csproj", "{DC3DAA8E-ED17-4B08-A46B-A6ED520C128D}"
EndProject
Global
	GlobalSection(SolutionConfigurationPlatforms) = preSolution
		Debug|Any CPU = Debug|Any CPU
		Release|Any CPU = Release|Any CPU
	EndGlobalSection
	GlobalSection(ProjectConfigurationPlatforms) = postSolution
		{545FA9AE-3ACC-4158-93D5-69879BEBF76F}.Debug|Any CPU.ActiveCfg = Debug|Any CPU
		{545FA9AE-3ACC-4158-93D5-69879BEBF76F}.Debug|Any CPU.Build.0 = Debug|Any CPU
		{545FA9AE-3ACC-4158-93D5-69879BEBF76F}.Release|Any CPU.ActiveCfg = Release|Any CPU
		{545FA9AE-3ACC-4158-93D5-69879BEBF76F}.Release|Any CPU.Build.0 = Release|Any CPU
		{21FD90F5-EED9-48CF-90E1-73AB16E69BE9}.Debug|Any CPU.ActiveCfg = Debug|Any CPU
		{21FD90F5-EED9-48CF-90E1-73AB16E69BE9}.Debug|Any CPU.Build.0 = Debug|Any CPU
		{21FD90F5-EED9-48CF-90E1-73AB16E69BE9}.Release|Any CPU.ActiveCfg = Release|Any CPU
		{21FD90F5-EED9-48CF-90E1-73AB16E69BE9}.Release|Any CPU.Build.0 = Release|Any CPU
		{FF3A8E4A-6469-41A7-8CB2-9C3FE753E2D4}.Debug|Any CPU.ActiveCfg = Debug|Any CPU
		{FF3A8E4A-6469-41A7-8CB2-9C3FE753E2D4}.Debug|Any CPU.Build.0 = Debug|Any CPU
		{FF3A8E4A-6469-41A7-8CB2-9C3FE753E2D4}.Release|Any CPU.ActiveCfg = Release|Any CPU
		{FF3A8E4A-6469-41A7-8CB2-9C3FE753E2D4}.Release|Any CPU.Build.0 = Release|Any CPU
		{AC006C11-0934-4289-A46E-F125588B01D8}.Debug|Any CPU.ActiveCfg = Debug|Any CPU
		{AC006C11-0934-4289-A46E-F125588B01D8}.Debug|Any CPU.Build.0 = Debug|Any CPU
		{AC006C11-0934-4289-A46E-F125588B01D8}.Release|Any CPU.ActiveCfg = Release|Any CPU
		{AC006C11-0934-4289-A46E-F125588B01D8}.Release|Any CPU.Build.0 = Release|Any CPU
		{0D612D6E-2591-4C50-8A23-2CE943F8BA72}.Debug|Any CPU.ActiveCfg = Debug|Any CPU
		{0D612D6E-2591-4C50-8A23-2CE943F8BA72}.Debug|Any CPU.Build.0 = Debug|Any CPU
		{0D612D6E-2591-4C50-8A23-2CE943F8BA72}.Release|Any CPU.ActiveCfg = Release|Any CPU
		{0D612D6E-2591-4C50-8A23-2CE943F8BA72}.Release|Any CPU.Build.0 = Release|Any CPU
		{A325470B-9C8A-4EBC-A3B6-1447FB8ED1FF}.Debug|Any CPU.ActiveCfg = Debug|Any CPU
		{A325470B-9C8A-4EBC-A3B6-1447FB8ED1FF}.Debug|Any CPU.Build.0 = Debug|Any CPU
		{A325470B-9C8A-4EBC-A3B6-1447FB8ED1FF}.Release|Any CPU.ActiveCfg = Release|Any CPU
		{A325470B-9C8A-4EBC-A3B6-1447FB8ED1FF}.Release|Any CPU.Build.0 = Release|Any CPU
		{62BAB59C-E4A4-4CFB-AE77-43E5121F3802}.Debug|Any CPU.ActiveCfg = Debug|Any CPU
		{62BAB59C-E4A4-4CFB-AE77-43E5121F3802}.Debug|Any CPU.Build.0 = Debug|Any CPU
		{62BAB59C-E4A4-4CFB-AE77-43E5121F3802}.Release|Any CPU.ActiveCfg = Release|Any CPU
		{62BAB59C-E4A4-4CFB-AE77-43E5121F3802}.Release|Any CPU.Build.0 = Release|Any CPU
		{76915118-92E4-440D-BCD0-D4D035B58837}.Debug|Any CPU.ActiveCfg = Debug|Any CPU
		{76915118-92E4-440D-BCD0-D4D035B58837}.Debug|Any CPU.Build.0 = Debug|Any CPU
		{76915118-92E4-440D-BCD0-D4D035B58837}.Release|Any CPU.ActiveCfg = Release|Any CPU
		{76915118-92E4-440D-BCD0-D4D035B58837}.Release|Any CPU.Build.0 = Release|Any CPU
		{DC3DAA8E-ED17-4B08-A46B-A6ED520C128D}.Debug|Any CPU.ActiveCfg = Debug|Any CPU
		{DC3DAA8E-ED17-4B08-A46B-A6ED520C128D}.Debug|Any CPU.Build.0 = Debug|Any CPU
		{DC3DAA8E-ED17-4B08-A46B-A6ED520C128D}.Release|Any CPU.ActiveCfg = Release|Any CPU
		{DC3DAA8E-ED17-4B08-A46B-A6ED520C128D}.Release|Any CPU.Build.0 = Release|Any CPU
	EndGlobalSection
	GlobalSection(SolutionProperties) = preSolution
		HideSolutionNode = FALSE
	EndGlobalSection
	GlobalSection(ExtensibilityGlobals) = postSolution
		SolutionGuid = {7F1305DD-EEC8-441C-80D6-15B538D46406}
	EndGlobalSection
EndGlobal
